
Microsoft Visual Studio Solution File, Format Version 12.00
# Visual Studio Version 17
VisualStudioVersion = 17.0.31903.59
MinimumVisualStudioVersion = 10.0.40219.1
Project("{2150E333-8FDC-42A3-9474-1A3956D46DE8}") = "src", "src", "{61B874B3-72A7-4EFA-8BC4-DEC1288DF078}"
EndProject
Project("{FAE04EC0-301F-11D3-BF4B-00C04F79EFBC}") = "MySpot.Api", "src\MySpot.Api\MySpot.Api.csproj", "{FAC1D56B-F9E5-454E-8FEE-222DE5965C6A}"
EndProject
Global
	GlobalSection(SolutionConfigurationPlatforms) = preSolution
		Debug|Any CPU = Debug|Any CPU
		Release|Any CPU = Release|Any CPU
	EndGlobalSection
	GlobalSection(SolutionProperties) = preSolution
		HideSolutionNode = FALSE
	EndGlobalSection
	GlobalSection(ProjectConfigurationPlatforms) = postSolution
		{FAC1D56B-F9E5-454E-8FEE-222DE5965C6A}.Debug|Any CPU.ActiveCfg = Debug|Any CPU
		{FAC1D56B-F9E5-454E-8FEE-222DE5965C6A}.Debug|Any CPU.Build.0 = Debug|Any CPU
		{FAC1D56B-F9E5-454E-8FEE-222DE5965C6A}.Release|Any CPU.ActiveCfg = Release|Any CPU
		{FAC1D56B-F9E5-454E-8FEE-222DE5965C6A}.Release|Any CPU.Build.0 = Release|Any CPU
	EndGlobalSection
	GlobalSection(NestedProjects) = preSolution
		{FAC1D56B-F9E5-454E-8FEE-222DE5965C6A} = {61B874B3-72A7-4EFA-8BC4-DEC1288DF078}
	EndGlobalSection
EndGlobal
