
Microsoft Visual Studio Solution File, Format Version 12.00
# Visual Studio Version 17
VisualStudioVersion = 17.0.31903.59
MinimumVisualStudioVersion = 10.0.40219.1
Project("{2150E333-8FDC-42A3-9474-1A3956D46DE8}") = "src", "src", "{61B874B3-72A7-4EFA-8BC4-DEC1288DF078}"
EndProject
Project("{FAE04EC0-301F-11D3-BF4B-00C04F79EFBC}") = "MySpot.Api", "src\MySpot.Api\MySpot.Api.csproj", "{FAC1D56B-F9E5-454E-8FEE-222DE5965C6A}"
EndProject
Project("{2150E333-8FDC-42A3-9474-1A3956D46DE8}") = "tests", "tests", "{0110C6D7-1B6C-493C-A2A1-D8CD7E6C9DE9}"
EndProject
Project("{FAE04EC0-301F-11D3-BF4B-00C04F79EFBC}") = "MySpot.Tests.Unit", "MySpot.Tests.Unit\MySpot.Tests.Unit.csproj", "{B47D8DFB-46BF-42F0-AB59-DB341425B2CC}"
EndProject
Project("{2150E333-8FDC-42A3-9474-1A3956D46DE8}") = "tests", "tests", "{30D85214-C15E-46F8-8407-620F4465AFAA}"
EndProject
Project("{FAE04EC0-301F-11D3-BF4B-00C04F79EFBC}") = "MySpot.Tests.Unit", "tests\MySpot.Tests.Unit\MySpot.Tests.Unit.csproj", "{808ACE0F-A695-482E-A2E8-AF28B984785F}"
EndProject
Project("{FAE04EC0-301F-11D3-BF4B-00C04F79EFBC}") = "MySpot.Core", "src\MySpot.Core\MySpot.Core.csproj", "{F287A203-C050-46A4-8F77-CFE6971BEB6D}"
EndProject
Global
	GlobalSection(SolutionConfigurationPlatforms) = preSolution
		Debug|Any CPU = Debug|Any CPU
		Release|Any CPU = Release|Any CPU
	EndGlobalSection
	GlobalSection(SolutionProperties) = preSolution
		HideSolutionNode = FALSE
	EndGlobalSection
	GlobalSection(ProjectConfigurationPlatforms) = postSolution
		{FAC1D56B-F9E5-454E-8FEE-222DE5965C6A}.Debug|Any CPU.ActiveCfg = Debug|Any CPU
		{FAC1D56B-F9E5-454E-8FEE-222DE5965C6A}.Debug|Any CPU.Build.0 = Debug|Any CPU
		{FAC1D56B-F9E5-454E-8FEE-222DE5965C6A}.Release|Any CPU.ActiveCfg = Release|Any CPU
		{FAC1D56B-F9E5-454E-8FEE-222DE5965C6A}.Release|Any CPU.Build.0 = Release|Any CPU
		{B47D8DFB-46BF-42F0-AB59-DB341425B2CC}.Debug|Any CPU.ActiveCfg = Debug|Any CPU
		{B47D8DFB-46BF-42F0-AB59-DB341425B2CC}.Debug|Any CPU.Build.0 = Debug|Any CPU
		{B47D8DFB-46BF-42F0-AB59-DB341425B2CC}.Release|Any CPU.ActiveCfg = Release|Any CPU
		{B47D8DFB-46BF-42F0-AB59-DB341425B2CC}.Release|Any CPU.Build.0 = Release|Any CPU
		{808ACE0F-A695-482E-A2E8-AF28B984785F}.Debug|Any CPU.ActiveCfg = Debug|Any CPU
		{808ACE0F-A695-482E-A2E8-AF28B984785F}.Debug|Any CPU.Build.0 = Debug|Any CPU
		{808ACE0F-A695-482E-A2E8-AF28B984785F}.Release|Any CPU.ActiveCfg = Release|Any CPU
		{808ACE0F-A695-482E-A2E8-AF28B984785F}.Release|Any CPU.Build.0 = Release|Any CPU
		{F287A203-C050-46A4-8F77-CFE6971BEB6D}.Debug|Any CPU.ActiveCfg = Debug|Any CPU
		{F287A203-C050-46A4-8F77-CFE6971BEB6D}.Debug|Any CPU.Build.0 = Debug|Any CPU
		{F287A203-C050-46A4-8F77-CFE6971BEB6D}.Release|Any CPU.ActiveCfg = Release|Any CPU
		{F287A203-C050-46A4-8F77-CFE6971BEB6D}.Release|Any CPU.Build.0 = Release|Any CPU
	EndGlobalSection
	GlobalSection(NestedProjects) = preSolution
		{FAC1D56B-F9E5-454E-8FEE-222DE5965C6A} = {61B874B3-72A7-4EFA-8BC4-DEC1288DF078}
		{B47D8DFB-46BF-42F0-AB59-DB341425B2CC} = {0110C6D7-1B6C-493C-A2A1-D8CD7E6C9DE9}
		{808ACE0F-A695-482E-A2E8-AF28B984785F} = {30D85214-C15E-46F8-8407-620F4465AFAA}
		{F287A203-C050-46A4-8F77-CFE6971BEB6D} = {61B874B3-72A7-4EFA-8BC4-DEC1288DF078}
	EndGlobalSection
EndGlobal
